
Microsoft Visual Studio Solution File, Format Version 12.00
# Visual Studio 15
VisualStudioVersion = 15.0.27004.2009
MinimumVisualStudioVersion = 10.0.40219.1
Project("{FAE04EC0-301F-11D3-BF4B-00C04F79EFBC}") = "Garage", "Garage\Garage.csproj", "{90F95EFA-8417-4C5C-9BB0-89543207D5BC}"
EndProject
Project("{FAE04EC0-301F-11D3-BF4B-00C04F79EFBC}") = "Garage.Tests", "Garage.Tests\Garage.Tests.csproj", "{7A4E670F-C2AD-4D07-8BCB-84FCF61006EB}"
EndProject
Global
	GlobalSection(SolutionConfigurationPlatforms) = preSolution
		Debug|Any CPU = Debug|Any CPU
		Release|Any CPU = Release|Any CPU
	EndGlobalSection
	GlobalSection(ProjectConfigurationPlatforms) = postSolution
		{90F95EFA-8417-4C5C-9BB0-89543207D5BC}.Debug|Any CPU.ActiveCfg = Debug|Any CPU
		{90F95EFA-8417-4C5C-9BB0-89543207D5BC}.Debug|Any CPU.Build.0 = Debug|Any CPU
		{90F95EFA-8417-4C5C-9BB0-89543207D5BC}.Release|Any CPU.ActiveCfg = Release|Any CPU
		{90F95EFA-8417-4C5C-9BB0-89543207D5BC}.Release|Any CPU.Build.0 = Release|Any CPU
		{7A4E670F-C2AD-4D07-8BCB-84FCF61006EB}.Debug|Any CPU.ActiveCfg = Debug|Any CPU
		{7A4E670F-C2AD-4D07-8BCB-84FCF61006EB}.Debug|Any CPU.Build.0 = Debug|Any CPU
		{7A4E670F-C2AD-4D07-8BCB-84FCF61006EB}.Release|Any CPU.ActiveCfg = Release|Any CPU
		{7A4E670F-C2AD-4D07-8BCB-84FCF61006EB}.Release|Any CPU.Build.0 = Release|Any CPU
	EndGlobalSection
	GlobalSection(SolutionProperties) = preSolution
		HideSolutionNode = FALSE
	EndGlobalSection
	GlobalSection(ExtensibilityGlobals) = postSolution
		SolutionGuid = {0092BB99-7169-4284-A600-6E5C44FBA2F9}
	EndGlobalSection
EndGlobal
